
Microsoft Visual Studio Solution File, Format Version 12.00
# Visual Studio 15
VisualStudioVersion = 15.0.27004.2002
MinimumVisualStudioVersion = 10.0.40219.1
Project("{FAE04EC0-301F-11D3-BF4B-00C04F79EFBC}") = "SampleMvc", "SampleMvc\SampleMvc.csproj", "{BCD62A8A-A5E9-413E-B1AE-40BFB205925D}"
EndProject
Project("{FAE04EC0-301F-11D3-BF4B-00C04F79EFBC}") = "SampleMvc.Db", "SampleMvc.Db\SampleMvc.Db.csproj", "{B52EAAB0-4891-43DA-B3FF-6FDF217691B3}"
EndProject
Global
	GlobalSection(SolutionConfigurationPlatforms) = preSolution
		Debug|Any CPU = Debug|Any CPU
		Release|Any CPU = Release|Any CPU
	EndGlobalSection
	GlobalSection(ProjectConfigurationPlatforms) = postSolution
		{BCD62A8A-A5E9-413E-B1AE-40BFB205925D}.Debug|Any CPU.ActiveCfg = Debug|Any CPU
		{BCD62A8A-A5E9-413E-B1AE-40BFB205925D}.Debug|Any CPU.Build.0 = Debug|Any CPU
		{BCD62A8A-A5E9-413E-B1AE-40BFB205925D}.Release|Any CPU.ActiveCfg = Release|Any CPU
		{BCD62A8A-A5E9-413E-B1AE-40BFB205925D}.Release|Any CPU.Build.0 = Release|Any CPU
		{B52EAAB0-4891-43DA-B3FF-6FDF217691B3}.Debug|Any CPU.ActiveCfg = Debug|Any CPU
		{B52EAAB0-4891-43DA-B3FF-6FDF217691B3}.Debug|Any CPU.Build.0 = Debug|Any CPU
		{B52EAAB0-4891-43DA-B3FF-6FDF217691B3}.Release|Any CPU.ActiveCfg = Release|Any CPU
		{B52EAAB0-4891-43DA-B3FF-6FDF217691B3}.Release|Any CPU.Build.0 = Release|Any CPU
	EndGlobalSection
	GlobalSection(SolutionProperties) = preSolution
		HideSolutionNode = FALSE
	EndGlobalSection
	GlobalSection(ExtensibilityGlobals) = postSolution
		SolutionGuid = {A7DF3C9C-CF38-4381-9FD8-B0ECCF17DED7}
	EndGlobalSection
EndGlobal
